
Microsoft Visual Studio Solution File, Format Version 12.00
# Visual Studio 15
VisualStudioVersion = 15.0.28307.572
MinimumVisualStudioVersion = 10.0.40219.1
Project("{FAE04EC0-301F-11D3-BF4B-00C04F79EFBC}") = "CH11test", "CH11test\CH11test.csproj", "{9A7CD30A-4E13-40D7-98A6-A1709C8AAAEA}"
EndProject
Global
	GlobalSection(SolutionConfigurationPlatforms) = preSolution
		Debug|Any CPU = Debug|Any CPU
		Release|Any CPU = Release|Any CPU
	EndGlobalSection
	GlobalSection(ProjectConfigurationPlatforms) = postSolution
		{9A7CD30A-4E13-40D7-98A6-A1709C8AAAEA}.Debug|Any CPU.ActiveCfg = Debug|Any CPU
		{9A7CD30A-4E13-40D7-98A6-A1709C8AAAEA}.Debug|Any CPU.Build.0 = Debug|Any CPU
		{9A7CD30A-4E13-40D7-98A6-A1709C8AAAEA}.Release|Any CPU.ActiveCfg = Release|Any CPU
		{9A7CD30A-4E13-40D7-98A6-A1709C8AAAEA}.Release|Any CPU.Build.0 = Release|Any CPU
	EndGlobalSection
	GlobalSection(SolutionProperties) = preSolution
		HideSolutionNode = FALSE
	EndGlobalSection
	GlobalSection(ExtensibilityGlobals) = postSolution
		SolutionGuid = {81A2A602-FDDE-4669-BA08-2E1002471473}
	EndGlobalSection
EndGlobal
